
Microsoft Visual Studio Solution File, Format Version 12.00
# Visual Studio Version 17
VisualStudioVersion = 17.0.32126.317
MinimumVisualStudioVersion = 10.0.40219.1
Project("{FAE04EC0-301F-11D3-BF4B-00C04F79EFBC}") = "Computer", "Computer\Computer.csproj", "{7616AAB0-8517-4BA9-BE58-5C4752B13EDE}"
EndProject
Global
	GlobalSection(SolutionConfigurationPlatforms) = preSolution
		Debug|Any CPU = Debug|Any CPU
		Release|Any CPU = Release|Any CPU
	EndGlobalSection
	GlobalSection(ProjectConfigurationPlatforms) = postSolution
		{7616AAB0-8517-4BA9-BE58-5C4752B13EDE}.Debug|Any CPU.ActiveCfg = Debug|Any CPU
		{7616AAB0-8517-4BA9-BE58-5C4752B13EDE}.Debug|Any CPU.Build.0 = Debug|Any CPU
		{7616AAB0-8517-4BA9-BE58-5C4752B13EDE}.Release|Any CPU.ActiveCfg = Release|Any CPU
		{7616AAB0-8517-4BA9-BE58-5C4752B13EDE}.Release|Any CPU.Build.0 = Release|Any CPU
	EndGlobalSection
	GlobalSection(SolutionProperties) = preSolution
		HideSolutionNode = FALSE
	EndGlobalSection
	GlobalSection(ExtensibilityGlobals) = postSolution
		SolutionGuid = {36CE8638-2EAF-4E4D-90F8-A8346F180B22}
	EndGlobalSection
EndGlobal
